
Microsoft Visual Studio Solution File, Format Version 12.00
# Visual Studio 15
Project("{FAE04EC0-301F-11D3-BF4B-00C04F79EFBC}") = "NewAssembly", "NewAssembly.csproj", "{D9C3F45A-1675-54B8-F195-854C65F84497}"
EndProject
Project("{FAE04EC0-301F-11D3-BF4B-00C04F79EFBC}") = "Tests", "Tests.csproj", "{B07D7350-36F6-637B-8D10-7698FE5F0DB6}"
EndProject
Global
	GlobalSection(SolutionConfigurationPlatforms) = preSolution
		Debug|Any CPU = Debug|Any CPU
		Release|Any CPU = Release|Any CPU
	EndGlobalSection
	GlobalSection(ProjectConfigurationPlatforms) = postSolution
		{D9C3F45A-1675-54B8-F195-854C65F84497}.Debug|Any CPU.ActiveCfg = Debug|Any CPU
		{D9C3F45A-1675-54B8-F195-854C65F84497}.Debug|Any CPU.Build.0 = Debug|Any CPU
		{D9C3F45A-1675-54B8-F195-854C65F84497}.Release|Any CPU.ActiveCfg = Release|Any CPU
		{D9C3F45A-1675-54B8-F195-854C65F84497}.Release|Any CPU.Build.0 = Release|Any CPU
		{B07D7350-36F6-637B-8D10-7698FE5F0DB6}.Debug|Any CPU.ActiveCfg = Debug|Any CPU
		{B07D7350-36F6-637B-8D10-7698FE5F0DB6}.Debug|Any CPU.Build.0 = Debug|Any CPU
		{B07D7350-36F6-637B-8D10-7698FE5F0DB6}.Release|Any CPU.ActiveCfg = Release|Any CPU
		{B07D7350-36F6-637B-8D10-7698FE5F0DB6}.Release|Any CPU.Build.0 = Release|Any CPU
	EndGlobalSection
	GlobalSection(SolutionProperties) = preSolution
		HideSolutionNode = FALSE
	EndGlobalSection
EndGlobal
