
Microsoft Visual Studio Solution File, Format Version 12.00
# Visual Studio 15
Project("{FAE04EC0-301F-11D3-BF4B-00C04F79EFBC}") = "Assembly-CSharp", "Assembly-CSharp.csproj", "{946C55C6-5E30-90E7-CEB5-56AFB9A23D52}"
EndProject
Project("{FAE04EC0-301F-11D3-BF4B-00C04F79EFBC}") = "Assembly-CSharp-Editor", "Assembly-CSharp-Editor.csproj", "{D433B389-27FA-5070-BD54-E2C591CE493F}"
EndProject
Global
	GlobalSection(SolutionConfigurationPlatforms) = preSolution
		Debug|Any CPU = Debug|Any CPU
		Release|Any CPU = Release|Any CPU
	EndGlobalSection
	GlobalSection(ProjectConfigurationPlatforms) = postSolution
		{946C55C6-5E30-90E7-CEB5-56AFB9A23D52}.Debug|Any CPU.ActiveCfg = Debug|Any CPU
		{946C55C6-5E30-90E7-CEB5-56AFB9A23D52}.Debug|Any CPU.Build.0 = Debug|Any CPU
		{946C55C6-5E30-90E7-CEB5-56AFB9A23D52}.Release|Any CPU.ActiveCfg = Release|Any CPU
		{946C55C6-5E30-90E7-CEB5-56AFB9A23D52}.Release|Any CPU.Build.0 = Release|Any CPU
		{D433B389-27FA-5070-BD54-E2C591CE493F}.Debug|Any CPU.ActiveCfg = Debug|Any CPU
		{D433B389-27FA-5070-BD54-E2C591CE493F}.Debug|Any CPU.Build.0 = Debug|Any CPU
		{D433B389-27FA-5070-BD54-E2C591CE493F}.Release|Any CPU.ActiveCfg = Release|Any CPU
		{D433B389-27FA-5070-BD54-E2C591CE493F}.Release|Any CPU.Build.0 = Release|Any CPU
	EndGlobalSection
	GlobalSection(SolutionProperties) = preSolution
		HideSolutionNode = FALSE
	EndGlobalSection
EndGlobal
